// !$*UTF8*$!
{
	archiveVersion = 1;
	classes = {
	};
	objectVersion = 51;
	objects = {

/* Begin PBXBuildFile section */
		05E11CDAE0FE5AF3C2BCBAB3 /* Pods_DatingApp_DatingAppUITests.framework in Frameworks */ = {isa = PBXBuildFile; fileRef = BA7DDE20CE0FE64F7BB212A1 /* Pods_DatingApp_DatingAppUITests.framework */; };
		1E1FE1F9EB08E3F95C4692FF /* Pods_DatingAppTests.framework in Frameworks */ = {isa = PBXBuildFile; fileRef = 57533A72935A51D9E507A4DF /* Pods_DatingAppTests.framework */; };
		31224779236AC3B400BA6117 /* MyKolodaViewController.swift in Sources */ = {isa = PBXBuildFile; fileRef = 31224778236AC3B400BA6117 /* MyKolodaViewController.swift */; };
		31528E072372C63800DA2BB2 /* TinderViewController.swift in Sources */ = {isa = PBXBuildFile; fileRef = 31528E062372C63800DA2BB2 /* TinderViewController.swift */; };
		31B9AFF0236D6F0C00D8ECB9 /* ProfileViewController.swift in Sources */ = {isa = PBXBuildFile; fileRef = 31B9AFEF236D6F0C00D8ECB9 /* ProfileViewController.swift */; };
		31E607532369653E003B0EF1 /* AppDelegate.swift in Sources */ = {isa = PBXBuildFile; fileRef = 31E607522369653E003B0EF1 /* AppDelegate.swift */; };
		31E607552369653E003B0EF1 /* SceneDelegate.swift in Sources */ = {isa = PBXBuildFile; fileRef = 31E607542369653E003B0EF1 /* SceneDelegate.swift */; };
		31E607572369653E003B0EF1 /* ViewController.swift in Sources */ = {isa = PBXBuildFile; fileRef = 31E607562369653E003B0EF1 /* ViewController.swift */; };
		31E6075C23696540003B0EF1 /* Assets.xcassets in Resources */ = {isa = PBXBuildFile; fileRef = 31E6075B23696540003B0EF1 /* Assets.xcassets */; };
		31E6075F23696540003B0EF1 /* LaunchScreen.storyboard in Resources */ = {isa = PBXBuildFile; fileRef = 31E6075D23696540003B0EF1 /* LaunchScreen.storyboard */; };
		31E6076A23696540003B0EF1 /* DatingAppTests.swift in Sources */ = {isa = PBXBuildFile; fileRef = 31E6076923696540003B0EF1 /* DatingAppTests.swift */; };
		31E6077523696540003B0EF1 /* DatingAppUITests.swift in Sources */ = {isa = PBXBuildFile; fileRef = 31E6077423696540003B0EF1 /* DatingAppUITests.swift */; };
		31E60787236978C4003B0EF1 /* Main.storyboard in Resources */ = {isa = PBXBuildFile; fileRef = 31E60786236978C4003B0EF1 /* Main.storyboard */; };
		31E60789236978FB003B0EF1 /* SignUpViewController.swift in Sources */ = {isa = PBXBuildFile; fileRef = 31E60788236978FB003B0EF1 /* SignUpViewController.swift */; };
		31E6078B2369A6D3003B0EF1 /* GoogleService-Info.plist in Resources */ = {isa = PBXBuildFile; fileRef = 31E6078A2369A6D3003B0EF1 /* GoogleService-Info.plist */; };
		31E6078C2369A6D3003B0EF1 /* GoogleService-Info.plist in Resources */ = {isa = PBXBuildFile; fileRef = 31E6078A2369A6D3003B0EF1 /* GoogleService-Info.plist */; };
		31E6078D2369A6D3003B0EF1 /* GoogleService-Info.plist in Resources */ = {isa = PBXBuildFile; fileRef = 31E6078A2369A6D3003B0EF1 /* GoogleService-Info.plist */; };
		31E607902369D07D003B0EF1 /* UIViewController+Alert.swift in Sources */ = {isa = PBXBuildFile; fileRef = 31E6078F2369D07D003B0EF1 /* UIViewController+Alert.swift */; };
		70331A4A1A0ED10B238ADE8D /* Pods_DatingApp.framework in Frameworks */ = {isa = PBXBuildFile; fileRef = 46E76632567C1330260AB1B8 /* Pods_DatingApp.framework */; };
/* End PBXBuildFile section */

/* Begin PBXContainerItemProxy section */
		31E6076623696540003B0EF1 /* PBXContainerItemProxy */ = {
			isa = PBXContainerItemProxy;
			containerPortal = 31E607472369653E003B0EF1 /* Project object */;
			proxyType = 1;
			remoteGlobalIDString = 31E6074E2369653E003B0EF1;
			remoteInfo = DatingApp;
		};
		31E6077123696540003B0EF1 /* PBXContainerItemProxy */ = {
			isa = PBXContainerItemProxy;
			containerPortal = 31E607472369653E003B0EF1 /* Project object */;
			proxyType = 1;
			remoteGlobalIDString = 31E6074E2369653E003B0EF1;
			remoteInfo = DatingApp;
		};
/* End PBXContainerItemProxy section */

/* Begin PBXFileReference section */
		31224778236AC3B400BA6117 /* MyKolodaViewController.swift */ = {isa = PBXFileReference; lastKnownFileType = sourcecode.swift; path = MyKolodaViewController.swift; sourceTree = "<group>"; };
		31528E062372C63800DA2BB2 /* TinderViewController.swift */ = {isa = PBXFileReference; lastKnownFileType = sourcecode.swift; path = TinderViewController.swift; sourceTree = "<group>"; };
		31B9AFEF236D6F0C00D8ECB9 /* ProfileViewController.swift */ = {isa = PBXFileReference; lastKnownFileType = sourcecode.swift; path = ProfileViewController.swift; sourceTree = "<group>"; };
		31E6074F2369653E003B0EF1 /* DatingApp.app */ = {isa = PBXFileReference; explicitFileType = wrapper.application; includeInIndex = 0; path = DatingApp.app; sourceTree = BUILT_PRODUCTS_DIR; };
		31E607522369653E003B0EF1 /* AppDelegate.swift */ = {isa = PBXFileReference; lastKnownFileType = sourcecode.swift; path = AppDelegate.swift; sourceTree = "<group>"; };
		31E607542369653E003B0EF1 /* SceneDelegate.swift */ = {isa = PBXFileReference; lastKnownFileType = sourcecode.swift; path = SceneDelegate.swift; sourceTree = "<group>"; };
		31E607562369653E003B0EF1 /* ViewController.swift */ = {isa = PBXFileReference; lastKnownFileType = sourcecode.swift; path = ViewController.swift; sourceTree = "<group>"; };
		31E6075B23696540003B0EF1 /* Assets.xcassets */ = {isa = PBXFileReference; lastKnownFileType = folder.assetcatalog; path = Assets.xcassets; sourceTree = "<group>"; };
		31E6075E23696540003B0EF1 /* Base */ = {isa = PBXFileReference; lastKnownFileType = file.storyboard; name = Base; path = Base.lproj/LaunchScreen.storyboard; sourceTree = "<group>"; };
		31E6076023696540003B0EF1 /* Info.plist */ = {isa = PBXFileReference; lastKnownFileType = text.plist.xml; path = Info.plist; sourceTree = "<group>"; };
		31E6076523696540003B0EF1 /* DatingAppTests.xctest */ = {isa = PBXFileReference; explicitFileType = wrapper.cfbundle; includeInIndex = 0; path = DatingAppTests.xctest; sourceTree = BUILT_PRODUCTS_DIR; };
		31E6076923696540003B0EF1 /* DatingAppTests.swift */ = {isa = PBXFileReference; lastKnownFileType = sourcecode.swift; path = DatingAppTests.swift; sourceTree = "<group>"; };
		31E6076B23696540003B0EF1 /* Info.plist */ = {isa = PBXFileReference; lastKnownFileType = text.plist.xml; path = Info.plist; sourceTree = "<group>"; };
		31E6077023696540003B0EF1 /* DatingAppUITests.xctest */ = {isa = PBXFileReference; explicitFileType = wrapper.cfbundle; includeInIndex = 0; path = DatingAppUITests.xctest; sourceTree = BUILT_PRODUCTS_DIR; };
		31E6077423696540003B0EF1 /* DatingAppUITests.swift */ = {isa = PBXFileReference; lastKnownFileType = sourcecode.swift; path = DatingAppUITests.swift; sourceTree = "<group>"; };
		31E6077623696540003B0EF1 /* Info.plist */ = {isa = PBXFileReference; lastKnownFileType = text.plist.xml; path = Info.plist; sourceTree = "<group>"; };
		31E60786236978C4003B0EF1 /* Main.storyboard */ = {isa = PBXFileReference; fileEncoding = 4; lastKnownFileType = file.storyboard; path = Main.storyboard; sourceTree = "<group>"; };
		31E60788236978FB003B0EF1 /* SignUpViewController.swift */ = {isa = PBXFileReference; lastKnownFileType = sourcecode.swift; path = SignUpViewController.swift; sourceTree = "<group>"; };
		31E6078A2369A6D3003B0EF1 /* GoogleService-Info.plist */ = {isa = PBXFileReference; fileEncoding = 4; lastKnownFileType = text.plist.xml; path = "GoogleService-Info.plist"; sourceTree = "<group>"; };
		31E6078F2369D07D003B0EF1 /* UIViewController+Alert.swift */ = {isa = PBXFileReference; lastKnownFileType = sourcecode.swift; path = "UIViewController+Alert.swift"; sourceTree = "<group>"; };
		46E76632567C1330260AB1B8 /* Pods_DatingApp.framework */ = {isa = PBXFileReference; explicitFileType = wrapper.framework; includeInIndex = 0; path = Pods_DatingApp.framework; sourceTree = BUILT_PRODUCTS_DIR; };
		57533A72935A51D9E507A4DF /* Pods_DatingAppTests.framework */ = {isa = PBXFileReference; explicitFileType = wrapper.framework; includeInIndex = 0; path = Pods_DatingAppTests.framework; sourceTree = BUILT_PRODUCTS_DIR; };
		5DB6BC56588F9A3D167EA70E /* Pods-DatingApp.debug.xcconfig */ = {isa = PBXFileReference; includeInIndex = 1; lastKnownFileType = text.xcconfig; name = "Pods-DatingApp.debug.xcconfig"; path = "Target Support Files/Pods-DatingApp/Pods-DatingApp.debug.xcconfig"; sourceTree = "<group>"; };
		B1A3496408C4148860F67957 /* Pods-DatingApp-DatingAppUITests.release.xcconfig */ = {isa = PBXFileReference; includeInIndex = 1; lastKnownFileType = text.xcconfig; name = "Pods-DatingApp-DatingAppUITests.release.xcconfig"; path = "Target Support Files/Pods-DatingApp-DatingAppUITests/Pods-DatingApp-DatingAppUITests.release.xcconfig"; sourceTree = "<group>"; };
		BA7DDE20CE0FE64F7BB212A1 /* Pods_DatingApp_DatingAppUITests.framework */ = {isa = PBXFileReference; explicitFileType = wrapper.framework; includeInIndex = 0; path = Pods_DatingApp_DatingAppUITests.framework; sourceTree = BUILT_PRODUCTS_DIR; };
		C12250E37C61B11F5E33EE04 /* Pods-DatingApp-DatingAppUITests.debug.xcconfig */ = {isa = PBXFileReference; includeInIndex = 1; lastKnownFileType = text.xcconfig; name = "Pods-DatingApp-DatingAppUITests.debug.xcconfig"; path = "Target Support Files/Pods-DatingApp-DatingAppUITests/Pods-DatingApp-DatingAppUITests.debug.xcconfig"; sourceTree = "<group>"; };
		CF87D5CB8003723962808797 /* Pods-DatingAppTests.debug.xcconfig */ = {isa = PBXFileReference; includeInIndex = 1; lastKnownFileType = text.xcconfig; name = "Pods-DatingAppTests.debug.xcconfig"; path = "Target Support Files/Pods-DatingAppTests/Pods-DatingAppTests.debug.xcconfig"; sourceTree = "<group>"; };
		D5D0E9DF75447148D1EF1270 /* Pods-DatingApp.release.xcconfig */ = {isa = PBXFileReference; includeInIndex = 1; lastKnownFileType = text.xcconfig; name = "Pods-DatingApp.release.xcconfig"; path = "Target Support Files/Pods-DatingApp/Pods-DatingApp.release.xcconfig"; sourceTree = "<group>"; };
		F5908D9D7903A31490D2766A /* Pods-DatingAppTests.release.xcconfig */ = {isa = PBXFileReference; includeInIndex = 1; lastKnownFileType = text.xcconfig; name = "Pods-DatingAppTests.release.xcconfig"; path = "Target Support Files/Pods-DatingAppTests/Pods-DatingAppTests.release.xcconfig"; sourceTree = "<group>"; };
/* End PBXFileReference section */

/* Begin PBXFrameworksBuildPhase section */
		31E6074C2369653E003B0EF1 /* Frameworks */ = {
			isa = PBXFrameworksBuildPhase;
			buildActionMask = 2147483647;
			files = (
				70331A4A1A0ED10B238ADE8D /* Pods_DatingApp.framework in Frameworks */,
			);
			runOnlyForDeploymentPostprocessing = 0;
		};
		31E6076223696540003B0EF1 /* Frameworks */ = {
			isa = PBXFrameworksBuildPhase;
			buildActionMask = 2147483647;
			files = (
				1E1FE1F9EB08E3F95C4692FF /* Pods_DatingAppTests.framework in Frameworks */,
			);
			runOnlyForDeploymentPostprocessing = 0;
		};
		31E6076D23696540003B0EF1 /* Frameworks */ = {
			isa = PBXFrameworksBuildPhase;
			buildActionMask = 2147483647;
			files = (
				05E11CDAE0FE5AF3C2BCBAB3 /* Pods_DatingApp_DatingAppUITests.framework in Frameworks */,
			);
			runOnlyForDeploymentPostprocessing = 0;
		};
/* End PBXFrameworksBuildPhase section */

/* Begin PBXGroup section */
		31B9AFEE236D42C600D8ECB9 /* ViewController */ = {
			isa = PBXGroup;
			children = (
				31E607562369653E003B0EF1 /* ViewController.swift */,
				31E60788236978FB003B0EF1 /* SignUpViewController.swift */,
				31528E062372C63800DA2BB2 /* TinderViewController.swift */,
				31B9AFEF236D6F0C00D8ECB9 /* ProfileViewController.swift */,
				31224778236AC3B400BA6117 /* MyKolodaViewController.swift */,
			);
			path = ViewController;
			sourceTree = "<group>";
		};
		31E607462369653E003B0EF1 = {
			isa = PBXGroup;
			children = (
				31E607512369653E003B0EF1 /* DatingApp */,
				31E6076823696540003B0EF1 /* DatingAppTests */,
				31E6077323696540003B0EF1 /* DatingAppUITests */,
				31E607502369653E003B0EF1 /* Products */,
				391E892DB6A6CBFC0900877C /* Pods */,
				35A63F90DFD1006FDDF6FC27 /* Frameworks */,
			);
			sourceTree = "<group>";
		};
		31E607502369653E003B0EF1 /* Products */ = {
			isa = PBXGroup;
			children = (
				31E6074F2369653E003B0EF1 /* DatingApp.app */,
				31E6076523696540003B0EF1 /* DatingAppTests.xctest */,
				31E6077023696540003B0EF1 /* DatingAppUITests.xctest */,
			);
			name = Products;
			sourceTree = "<group>";
		};
		31E607512369653E003B0EF1 /* DatingApp */ = {
			isa = PBXGroup;
			children = (
				31E6078E2369D044003B0EF1 /* Extension */,
				31E607522369653E003B0EF1 /* AppDelegate.swift */,
				31E607542369653E003B0EF1 /* SceneDelegate.swift */,
				31B9AFEE236D42C600D8ECB9 /* ViewController */,
				31E60786236978C4003B0EF1 /* Main.storyboard */,
				31E6078A2369A6D3003B0EF1 /* GoogleService-Info.plist */,
				31E6075B23696540003B0EF1 /* Assets.xcassets */,
				31E6075D23696540003B0EF1 /* LaunchScreen.storyboard */,
				31E6076023696540003B0EF1 /* Info.plist */,
			);
			path = DatingApp;
			sourceTree = "<group>";
		};
		31E6076823696540003B0EF1 /* DatingAppTests */ = {
			isa = PBXGroup;
			children = (
				31E6076923696540003B0EF1 /* DatingAppTests.swift */,
				31E6076B23696540003B0EF1 /* Info.plist */,
			);
			path = DatingAppTests;
			sourceTree = "<group>";
		};
		31E6077323696540003B0EF1 /* DatingAppUITests */ = {
			isa = PBXGroup;
			children = (
				31E6077423696540003B0EF1 /* DatingAppUITests.swift */,
				31E6077623696540003B0EF1 /* Info.plist */,
			);
			path = DatingAppUITests;
			sourceTree = "<group>";
		};
		31E6078E2369D044003B0EF1 /* Extension */ = {
			isa = PBXGroup;
			children = (
				31E6078F2369D07D003B0EF1 /* UIViewController+Alert.swift */,
			);
			path = Extension;
			sourceTree = "<group>";
		};
		35A63F90DFD1006FDDF6FC27 /* Frameworks */ = {
			isa = PBXGroup;
			children = (
				46E76632567C1330260AB1B8 /* Pods_DatingApp.framework */,
				BA7DDE20CE0FE64F7BB212A1 /* Pods_DatingApp_DatingAppUITests.framework */,
				57533A72935A51D9E507A4DF /* Pods_DatingAppTests.framework */,
			);
			name = Frameworks;
			sourceTree = "<group>";
		};
		391E892DB6A6CBFC0900877C /* Pods */ = {
			isa = PBXGroup;
			children = (
				5DB6BC56588F9A3D167EA70E /* Pods-DatingApp.debug.xcconfig */,
				D5D0E9DF75447148D1EF1270 /* Pods-DatingApp.release.xcconfig */,
				C12250E37C61B11F5E33EE04 /* Pods-DatingApp-DatingAppUITests.debug.xcconfig */,
				B1A3496408C4148860F67957 /* Pods-DatingApp-DatingAppUITests.release.xcconfig */,
				CF87D5CB8003723962808797 /* Pods-DatingAppTests.debug.xcconfig */,
				F5908D9D7903A31490D2766A /* Pods-DatingAppTests.release.xcconfig */,
			);
			path = Pods;
			sourceTree = "<group>";
		};
/* End PBXGroup section */

/* Begin PBXNativeTarget section */
		31E6074E2369653E003B0EF1 /* DatingApp */ = {
			isa = PBXNativeTarget;
			buildConfigurationList = 31E6077923696540003B0EF1 /* Build configuration list for PBXNativeTarget "DatingApp" */;
			buildPhases = (
				DB313B669B1B9184351E35AB /* [CP] Check Pods Manifest.lock */,
				31E6074B2369653E003B0EF1 /* Sources */,
				31E6074C2369653E003B0EF1 /* Frameworks */,
				31E6074D2369653E003B0EF1 /* Resources */,
				817053C67D2B197D28C23B47 /* [CP] Embed Pods Frameworks */,
			);
			buildRules = (
			);
			dependencies = (
			);
			name = DatingApp;
			productName = DatingApp;
			productReference = 31E6074F2369653E003B0EF1 /* DatingApp.app */;
			productType = "com.apple.product-type.application";
		};
		31E6076423696540003B0EF1 /* DatingAppTests */ = {
			isa = PBXNativeTarget;
			buildConfigurationList = 31E6077C23696540003B0EF1 /* Build configuration list for PBXNativeTarget "DatingAppTests" */;
			buildPhases = (
				C84EE3C545180D0CE4087586 /* [CP] Check Pods Manifest.lock */,
				31E6076123696540003B0EF1 /* Sources */,
				31E6076223696540003B0EF1 /* Frameworks */,
				31E6076323696540003B0EF1 /* Resources */,
			);
			buildRules = (
			);
			dependencies = (
				31E6076723696540003B0EF1 /* PBXTargetDependency */,
			);
			name = DatingAppTests;
			productName = DatingAppTests;
			productReference = 31E6076523696540003B0EF1 /* DatingAppTests.xctest */;
			productType = "com.apple.product-type.bundle.unit-test";
		};
		31E6076F23696540003B0EF1 /* DatingAppUITests */ = {
			isa = PBXNativeTarget;
			buildConfigurationList = 31E6077F23696540003B0EF1 /* Build configuration list for PBXNativeTarget "DatingAppUITests" */;
			buildPhases = (
				DA948C0EB039ADF0B969BB4E /* [CP] Check Pods Manifest.lock */,
				31E6076C23696540003B0EF1 /* Sources */,
				31E6076D23696540003B0EF1 /* Frameworks */,
				31E6076E23696540003B0EF1 /* Resources */,
				FCC544A1E421E864886539A3 /* [CP] Embed Pods Frameworks */,
			);
			buildRules = (
			);
			dependencies = (
				31E6077223696540003B0EF1 /* PBXTargetDependency */,
			);
			name = DatingAppUITests;
			productName = DatingAppUITests;
			productReference = 31E6077023696540003B0EF1 /* DatingAppUITests.xctest */;
			productType = "com.apple.product-type.bundle.ui-testing";
		};
/* End PBXNativeTarget section */

/* Begin PBXProject section */
		31E607472369653E003B0EF1 /* Project object */ = {
			isa = PBXProject;
			attributes = {
				LastSwiftUpdateCheck = 1110;
				LastUpgradeCheck = 1110;
				ORGANIZATIONNAME = "Taku Funakoshi";
				TargetAttributes = {
					31E6074E2369653E003B0EF1 = {
						CreatedOnToolsVersion = 11.1;
					};
					31E6076423696540003B0EF1 = {
						CreatedOnToolsVersion = 11.1;
						TestTargetID = 31E6074E2369653E003B0EF1;
					};
					31E6076F23696540003B0EF1 = {
						CreatedOnToolsVersion = 11.1;
						TestTargetID = 31E6074E2369653E003B0EF1;
					};
				};
			};
			buildConfigurationList = 31E6074A2369653E003B0EF1 /* Build configuration list for PBXProject "DatingApp" */;
			compatibilityVersion = "Xcode 9.3";
			developmentRegion = en;
			hasScannedForEncodings = 0;
			knownRegions = (
				en,
				Base,
			);
			mainGroup = 31E607462369653E003B0EF1;
			productRefGroup = 31E607502369653E003B0EF1 /* Products */;
			projectDirPath = "";
			projectRoot = "";
			targets = (
				31E6074E2369653E003B0EF1 /* DatingApp */,
				31E6076423696540003B0EF1 /* DatingAppTests */,
				31E6076F23696540003B0EF1 /* DatingAppUITests */,
			);
		};
/* End PBXProject section */

/* Begin PBXResourcesBuildPhase section */
		31E6074D2369653E003B0EF1 /* Resources */ = {
			isa = PBXResourcesBuildPhase;
			buildActionMask = 2147483647;
			files = (
				31E60787236978C4003B0EF1 /* Main.storyboard in Resources */,
				31E6078B2369A6D3003B0EF1 /* GoogleService-Info.plist in Resources */,
				31E6075F23696540003B0EF1 /* LaunchScreen.storyboard in Resources */,
				31E6075C23696540003B0EF1 /* Assets.xcassets in Resources */,
			);
			runOnlyForDeploymentPostprocessing = 0;
		};
		31E6076323696540003B0EF1 /* Resources */ = {
			isa = PBXResourcesBuildPhase;
			buildActionMask = 2147483647;
			files = (
				31E6078C2369A6D3003B0EF1 /* GoogleService-Info.plist in Resources */,
			);
			runOnlyForDeploymentPostprocessing = 0;
		};
		31E6076E23696540003B0EF1 /* Resources */ = {
			isa = PBXResourcesBuildPhase;
			buildActionMask = 2147483647;
			files = (
				31E6078D2369A6D3003B0EF1 /* GoogleService-Info.plist in Resources */,
			);
			runOnlyForDeploymentPostprocessing = 0;
		};
/* End PBXResourcesBuildPhase section */

/* Begin PBXShellScriptBuildPhase section */
		817053C67D2B197D28C23B47 /* [CP] Embed Pods Frameworks */ = {
			isa = PBXShellScriptBuildPhase;
			buildActionMask = 2147483647;
			files = (
			);
			inputFileListPaths = (
				"${PODS_ROOT}/Target Support Files/Pods-DatingApp/Pods-DatingApp-frameworks-${CONFIGURATION}-input-files.xcfilelist",
			);
			name = "[CP] Embed Pods Frameworks";
			outputFileListPaths = (
				"${PODS_ROOT}/Target Support Files/Pods-DatingApp/Pods-DatingApp-frameworks-${CONFIGURATION}-output-files.xcfilelist",
			);
			runOnlyForDeploymentPostprocessing = 0;
			shellPath = /bin/sh;
			shellScript = "\"${PODS_ROOT}/Target Support Files/Pods-DatingApp/Pods-DatingApp-frameworks.sh\"\n";
			showEnvVarsInLog = 0;
		};
		C84EE3C545180D0CE4087586 /* [CP] Check Pods Manifest.lock */ = {
			isa = PBXShellScriptBuildPhase;
			buildActionMask = 2147483647;
			files = (
			);
			inputFileListPaths = (
			);
			inputPaths = (
				"${PODS_PODFILE_DIR_PATH}/Podfile.lock",
				"${PODS_ROOT}/Manifest.lock",
			);
			name = "[CP] Check Pods Manifest.lock";
			outputFileListPaths = (
			);
			outputPaths = (
				"$(DERIVED_FILE_DIR)/Pods-DatingAppTests-checkManifestLockResult.txt",
			);
			runOnlyForDeploymentPostprocessing = 0;
			shellPath = /bin/sh;
			shellScript = "diff \"${PODS_PODFILE_DIR_PATH}/Podfile.lock\" \"${PODS_ROOT}/Manifest.lock\" > /dev/null\nif [ $? != 0 ] ; then\n    # print error to STDERR\n    echo \"error: The sandbox is not in sync with the Podfile.lock. Run 'pod install' or update your CocoaPods installation.\" >&2\n    exit 1\nfi\n# This output is used by Xcode 'outputs' to avoid re-running this script phase.\necho \"SUCCESS\" > \"${SCRIPT_OUTPUT_FILE_0}\"\n";
			showEnvVarsInLog = 0;
		};
		DA948C0EB039ADF0B969BB4E /* [CP] Check Pods Manifest.lock */ = {
			isa = PBXShellScriptBuildPhase;
			buildActionMask = 2147483647;
			files = (
			);
			inputFileListPaths = (
			);
			inputPaths = (
				"${PODS_PODFILE_DIR_PATH}/Podfile.lock",
				"${PODS_ROOT}/Manifest.lock",
			);
			name = "[CP] Check Pods Manifest.lock";
			outputFileListPaths = (
			);
			outputPaths = (
				"$(DERIVED_FILE_DIR)/Pods-DatingApp-DatingAppUITests-checkManifestLockResult.txt",
			);
			runOnlyForDeploymentPostprocessing = 0;
			shellPath = /bin/sh;
			shellScript = "diff \"${PODS_PODFILE_DIR_PATH}/Podfile.lock\" \"${PODS_ROOT}/Manifest.lock\" > /dev/null\nif [ $? != 0 ] ; then\n    # print error to STDERR\n    echo \"error: The sandbox is not in sync with the Podfile.lock. Run 'pod install' or update your CocoaPods installation.\" >&2\n    exit 1\nfi\n# This output is used by Xcode 'outputs' to avoid re-running this script phase.\necho \"SUCCESS\" > \"${SCRIPT_OUTPUT_FILE_0}\"\n";
			showEnvVarsInLog = 0;
		};
		DB313B669B1B9184351E35AB /* [CP] Check Pods Manifest.lock */ = {
			isa = PBXShellScriptBuildPhase;
			buildActionMask = 2147483647;
			files = (
			);
			inputFileListPaths = (
			);
			inputPaths = (
				"${PODS_PODFILE_DIR_PATH}/Podfile.lock",
				"${PODS_ROOT}/Manifest.lock",
			);
			name = "[CP] Check Pods Manifest.lock";
			outputFileListPaths = (
			);
			outputPaths = (
				"$(DERIVED_FILE_DIR)/Pods-DatingApp-checkManifestLockResult.txt",
			);
			runOnlyForDeploymentPostprocessing = 0;
			shellPath = /bin/sh;
			shellScript = "diff \"${PODS_PODFILE_DIR_PATH}/Podfile.lock\" \"${PODS_ROOT}/Manifest.lock\" > /dev/null\nif [ $? != 0 ] ; then\n    # print error to STDERR\n    echo \"error: The sandbox is not in sync with the Podfile.lock. Run 'pod install' or update your CocoaPods installation.\" >&2\n    exit 1\nfi\n# This output is used by Xcode 'outputs' to avoid re-running this script phase.\necho \"SUCCESS\" > \"${SCRIPT_OUTPUT_FILE_0}\"\n";
			showEnvVarsInLog = 0;
		};
		FCC544A1E421E864886539A3 /* [CP] Embed Pods Frameworks */ = {
			isa = PBXShellScriptBuildPhase;
			buildActionMask = 2147483647;
			files = (
			);
			inputFileListPaths = (
				"${PODS_ROOT}/Target Support Files/Pods-DatingApp-DatingAppUITests/Pods-DatingApp-DatingAppUITests-frameworks-${CONFIGURATION}-input-files.xcfilelist",
			);
			name = "[CP] Embed Pods Frameworks";
			outputFileListPaths = (
				"${PODS_ROOT}/Target Support Files/Pods-DatingApp-DatingAppUITests/Pods-DatingApp-DatingAppUITests-frameworks-${CONFIGURATION}-output-files.xcfilelist",
			);
			runOnlyForDeploymentPostprocessing = 0;
			shellPath = /bin/sh;
			shellScript = "\"${PODS_ROOT}/Target Support Files/Pods-DatingApp-DatingAppUITests/Pods-DatingApp-DatingAppUITests-frameworks.sh\"\n";
			showEnvVarsInLog = 0;
		};
/* End PBXShellScriptBuildPhase section */

/* Begin PBXSourcesBuildPhase section */
		31E6074B2369653E003B0EF1 /* Sources */ = {
			isa = PBXSourcesBuildPhase;
			buildActionMask = 2147483647;
			files = (
				31E607902369D07D003B0EF1 /* UIViewController+Alert.swift in Sources */,
				31224779236AC3B400BA6117 /* MyKolodaViewController.swift in Sources */,
				31528E072372C63800DA2BB2 /* TinderViewController.swift in Sources */,
				31E607572369653E003B0EF1 /* ViewController.swift in Sources */,
				31E607532369653E003B0EF1 /* AppDelegate.swift in Sources */,
				31E60789236978FB003B0EF1 /* SignUpViewController.swift in Sources */,
				31B9AFF0236D6F0C00D8ECB9 /* ProfileViewController.swift in Sources */,
				31E607552369653E003B0EF1 /* SceneDelegate.swift in Sources */,
			);
			runOnlyForDeploymentPostprocessing = 0;
		};
		31E6076123696540003B0EF1 /* Sources */ = {
			isa = PBXSourcesBuildPhase;
			buildActionMask = 2147483647;
			files = (
				31E6076A23696540003B0EF1 /* DatingAppTests.swift in Sources */,
			);
			runOnlyForDeploymentPostprocessing = 0;
		};
		31E6076C23696540003B0EF1 /* Sources */ = {
			isa = PBXSourcesBuildPhase;
			buildActionMask = 2147483647;
			files = (
				31E6077523696540003B0EF1 /* DatingAppUITests.swift in Sources */,
			);
			runOnlyForDeploymentPostprocessing = 0;
		};
/* End PBXSourcesBuildPhase section */

/* Begin PBXTargetDependency section */
		31E6076723696540003B0EF1 /* PBXTargetDependency */ = {
			isa = PBXTargetDependency;
			target = 31E6074E2369653E003B0EF1 /* DatingApp */;
			targetProxy = 31E6076623696540003B0EF1 /* PBXContainerItemProxy */;
		};
		31E6077223696540003B0EF1 /* PBXTargetDependency */ = {
			isa = PBXTargetDependency;
			target = 31E6074E2369653E003B0EF1 /* DatingApp */;
			targetProxy = 31E6077123696540003B0EF1 /* PBXContainerItemProxy */;
		};
/* End PBXTargetDependency section */

/* Begin PBXVariantGroup section */
		31E6075D23696540003B0EF1 /* LaunchScreen.storyboard */ = {
			isa = PBXVariantGroup;
			children = (
				31E6075E23696540003B0EF1 /* Base */,
			);
			name = LaunchScreen.storyboard;
			sourceTree = "<group>";
		};
/* End PBXVariantGroup section */

/* Begin XCBuildConfiguration section */
		31E6077723696540003B0EF1 /* Debug */ = {
			isa = XCBuildConfiguration;
			buildSettings = {
				ALWAYS_SEARCH_USER_PATHS = NO;
				CLANG_ANALYZER_NONNULL = YES;
				CLANG_ANALYZER_NUMBER_OBJECT_CONVERSION = YES_AGGRESSIVE;
				CLANG_CXX_LANGUAGE_STANDARD = "gnu++14";
				CLANG_CXX_LIBRARY = "libc++";
				CLANG_ENABLE_MODULES = YES;
				CLANG_ENABLE_OBJC_ARC = YES;
				CLANG_ENABLE_OBJC_WEAK = YES;
				CLANG_WARN_BLOCK_CAPTURE_AUTORELEASING = YES;
				CLANG_WARN_BOOL_CONVERSION = YES;
				CLANG_WARN_COMMA = YES;
				CLANG_WARN_CONSTANT_CONVERSION = YES;
				CLANG_WARN_DEPRECATED_OBJC_IMPLEMENTATIONS = YES;
				CLANG_WARN_DIRECT_OBJC_ISA_USAGE = YES_ERROR;
				CLANG_WARN_DOCUMENTATION_COMMENTS = YES;
				CLANG_WARN_EMPTY_BODY = YES;
				CLANG_WARN_ENUM_CONVERSION = YES;
				CLANG_WARN_INFINITE_RECURSION = YES;
				CLANG_WARN_INT_CONVERSION = YES;
				CLANG_WARN_NON_LITERAL_NULL_CONVERSION = YES;
				CLANG_WARN_OBJC_IMPLICIT_RETAIN_SELF = YES;
				CLANG_WARN_OBJC_LITERAL_CONVERSION = YES;
				CLANG_WARN_OBJC_ROOT_CLASS = YES_ERROR;
				CLANG_WARN_RANGE_LOOP_ANALYSIS = YES;
				CLANG_WARN_STRICT_PROTOTYPES = YES;
				CLANG_WARN_SUSPICIOUS_MOVE = YES;
				CLANG_WARN_UNGUARDED_AVAILABILITY = YES_AGGRESSIVE;
				CLANG_WARN_UNREACHABLE_CODE = YES;
				CLANG_WARN__DUPLICATE_METHOD_MATCH = YES;
				COPY_PHASE_STRIP = NO;
				DEBUG_INFORMATION_FORMAT = dwarf;
				ENABLE_STRICT_OBJC_MSGSEND = YES;
				ENABLE_TESTABILITY = YES;
				GCC_C_LANGUAGE_STANDARD = gnu11;
				GCC_DYNAMIC_NO_PIC = NO;
				GCC_NO_COMMON_BLOCKS = YES;
				GCC_OPTIMIZATION_LEVEL = 0;
				GCC_PREPROCESSOR_DEFINITIONS = (
					"DEBUG=1",
					"$(inherited)",
				);
				GCC_WARN_64_TO_32_BIT_CONVERSION = YES;
				GCC_WARN_ABOUT_RETURN_TYPE = YES_ERROR;
				GCC_WARN_UNDECLARED_SELECTOR = YES;
				GCC_WARN_UNINITIALIZED_AUTOS = YES_AGGRESSIVE;
				GCC_WARN_UNUSED_FUNCTION = YES;
				GCC_WARN_UNUSED_VARIABLE = YES;
				IPHONEOS_DEPLOYMENT_TARGET = 13.1;
				MTL_ENABLE_DEBUG_INFO = INCLUDE_SOURCE;
				MTL_FAST_MATH = YES;
				ONLY_ACTIVE_ARCH = YES;
				"OTHER_LDFLAGS[arch=*]" = "-ObjC";
				SDKROOT = iphoneos;
				SWIFT_ACTIVE_COMPILATION_CONDITIONS = DEBUG;
				SWIFT_OPTIMIZATION_LEVEL = "-Onone";
			};
			name = Debug;
		};
		31E6077823696540003B0EF1 /* Release */ = {
			isa = XCBuildConfiguration;
			buildSettings = {
				ALWAYS_SEARCH_USER_PATHS = NO;
				CLANG_ANALYZER_NONNULL = YES;
				CLANG_ANALYZER_NUMBER_OBJECT_CONVERSION = YES_AGGRESSIVE;
				CLANG_CXX_LANGUAGE_STANDARD = "gnu++14";
				CLANG_CXX_LIBRARY = "libc++";
				CLANG_ENABLE_MODULES = YES;
				CLANG_ENABLE_OBJC_ARC = YES;
				CLANG_ENABLE_OBJC_WEAK = YES;
				CLANG_WARN_BLOCK_CAPTURE_AUTORELEASING = YES;
				CLANG_WARN_BOOL_CONVERSION = YES;
				CLANG_WARN_COMMA = YES;
				CLANG_WARN_CONSTANT_CONVERSION = YES;
				CLANG_WARN_DEPRECATED_OBJC_IMPLEMENTATIONS = YES;
				CLANG_WARN_DIRECT_OBJC_ISA_USAGE = YES_ERROR;
				CLANG_WARN_DOCUMENTATION_COMMENTS = YES;
				CLANG_WARN_EMPTY_BODY = YES;
				CLANG_WARN_ENUM_CONVERSION = YES;
				CLANG_WARN_INFINITE_RECURSION = YES;
				CLANG_WARN_INT_CONVERSION = YES;
				CLANG_WARN_NON_LITERAL_NULL_CONVERSION = YES;
				CLANG_WARN_OBJC_IMPLICIT_RETAIN_SELF = YES;
				CLANG_WARN_OBJC_LITERAL_CONVERSION = YES;
				CLANG_WARN_OBJC_ROOT_CLASS = YES_ERROR;
				CLANG_WARN_RANGE_LOOP_ANALYSIS = YES;
				CLANG_WARN_STRICT_PROTOTYPES = YES;
				CLANG_WARN_SUSPICIOUS_MOVE = YES;
				CLANG_WARN_UNGUARDED_AVAILABILITY = YES_AGGRESSIVE;
				CLANG_WARN_UNREACHABLE_CODE = YES;
				CLANG_WARN__DUPLICATE_METHOD_MATCH = YES;
				COPY_PHASE_STRIP = NO;
				DEBUG_INFORMATION_FORMAT = "dwarf-with-dsym";
				ENABLE_NS_ASSERTIONS = NO;
				ENABLE_STRICT_OBJC_MSGSEND = YES;
				GCC_C_LANGUAGE_STANDARD = gnu11;
				GCC_NO_COMMON_BLOCKS = YES;
				GCC_WARN_64_TO_32_BIT_CONVERSION = YES;
				GCC_WARN_ABOUT_RETURN_TYPE = YES_ERROR;
				GCC_WARN_UNDECLARED_SELECTOR = YES;
				GCC_WARN_UNINITIALIZED_AUTOS = YES_AGGRESSIVE;
				GCC_WARN_UNUSED_FUNCTION = YES;
				GCC_WARN_UNUSED_VARIABLE = YES;
				IPHONEOS_DEPLOYMENT_TARGET = 13.1;
				MTL_ENABLE_DEBUG_INFO = NO;
				MTL_FAST_MATH = YES;
				"OTHER_LDFLAGS[arch=*]" = "-ObjC";
				SDKROOT = iphoneos;
				SWIFT_COMPILATION_MODE = wholemodule;
				SWIFT_OPTIMIZATION_LEVEL = "-O";
				VALIDATE_PRODUCT = YES;
			};
			name = Release;
		};
		31E6077A23696540003B0EF1 /* Debug */ = {
			isa = XCBuildConfiguration;
			baseConfigurationReference = 5DB6BC56588F9A3D167EA70E /* Pods-DatingApp.debug.xcconfig */;
			buildSettings = {
				ASSETCATALOG_COMPILER_APPICON_NAME = AppIcon;
				CODE_SIGN_STYLE = Automatic;
				DEVELOPMENT_TEAM = F97L4V4B8X;
				INFOPLIST_FILE = DatingApp/Info.plist;
				LD_RUNPATH_SEARCH_PATHS = (
					"$(inherited)",
					"@executable_path/Frameworks",
				);
				PRODUCT_BUNDLE_IDENTIFIER = com.taq.DatingApp;
				PRODUCT_NAME = "$(TARGET_NAME)";
				SWIFT_VERSION = 5.0;
				TARGETED_DEVICE_FAMILY = 1;
			};
			name = Debug;
		};
		31E6077B23696540003B0EF1 /* Release */ = {
			isa = XCBuildConfiguration;
			baseConfigurationReference = D5D0E9DF75447148D1EF1270 /* Pods-DatingApp.release.xcconfig */;
			buildSettings = {
				ASSETCATALOG_COMPILER_APPICON_NAME = AppIcon;
				CODE_SIGN_STYLE = Automatic;
				DEVELOPMENT_TEAM = F97L4V4B8X;
				INFOPLIST_FILE = DatingApp/Info.plist;
				LD_RUNPATH_SEARCH_PATHS = (
					"$(inherited)",
					"@executable_path/Frameworks",
				);
				PRODUCT_BUNDLE_IDENTIFIER = com.taq.DatingApp;
				PRODUCT_NAME = "$(TARGET_NAME)";
				SWIFT_VERSION = 5.0;
				TARGETED_DEVICE_FAMILY = 1;
			};
			name = Release;
		};
		31E6077D23696540003B0EF1 /* Debug */ = {
			isa = XCBuildConfiguration;
			baseConfigurationReference = CF87D5CB8003723962808797 /* Pods-DatingAppTests.debug.xcconfig */;
			buildSettings = {
				ALWAYS_EMBED_SWIFT_STANDARD_LIBRARIES = YES;
				BUNDLE_LOADER = "$(TEST_HOST)";
				CODE_SIGN_STYLE = Automatic;
				DEVELOPMENT_TEAM = F97L4V4B8X;
				INFOPLIST_FILE = DatingAppTests/Info.plist;
				IPHONEOS_DEPLOYMENT_TARGET = 13.1;
				LD_RUNPATH_SEARCH_PATHS = (
					"$(inherited)",
					"@executable_path/Frameworks",
					"@loader_path/Frameworks",
				);
				PRODUCT_BUNDLE_IDENTIFIER = com.taq.DatingAppTests;
				PRODUCT_NAME = "$(TARGET_NAME)";
				SWIFT_VERSION = 5.0;
				TARGETED_DEVICE_FAMILY = "1,2";
				TEST_HOST = "$(BUILT_PRODUCTS_DIR)/DatingApp.app/DatingApp";
			};
			name = Debug;
		};
		31E6077E23696540003B0EF1 /* Release */ = {
			isa = XCBuildConfiguration;
			baseConfigurationReference = F5908D9D7903A31490D2766A /* Pods-DatingAppTests.release.xcconfig */;
			buildSettings = {
				ALWAYS_EMBED_SWIFT_STANDARD_LIBRARIES = YES;
				BUNDLE_LOADER = "$(TEST_HOST)";
				CODE_SIGN_STYLE = Automatic;
				DEVELOPMENT_TEAM = F97L4V4B8X;
				INFOPLIST_FILE = DatingAppTests/Info.plist;
				IPHONEOS_DEPLOYMENT_TARGET = 13.1;
				LD_RUNPATH_SEARCH_PATHS = (
					"$(inherited)",
					"@executable_path/Frameworks",
					"@loader_path/Frameworks",
				);
				PRODUCT_BUNDLE_IDENTIFIER = com.taq.DatingAppTests;
				PRODUCT_NAME = "$(TARGET_NAME)";
				SWIFT_VERSION = 5.0;
				TARGETED_DEVICE_FAMILY = "1,2";
				TEST_HOST = "$(BUILT_PRODUCTS_DIR)/DatingApp.app/DatingApp";
			};
			name = Release;
		};
		31E6078023696540003B0EF1 /* Debug */ = {
			isa = XCBuildConfiguration;
			baseConfigurationReference = C12250E37C61B11F5E33EE04 /* Pods-DatingApp-DatingAppUITests.debug.xcconfig */;
			buildSettings = {
				ALWAYS_EMBED_SWIFT_STANDARD_LIBRARIES = YES;
				CODE_SIGN_STYLE = Automatic;
				DEVELOPMENT_TEAM = F97L4V4B8X;
				INFOPLIST_FILE = DatingAppUITests/Info.plist;
				LD_RUNPATH_SEARCH_PATHS = (
					"$(inherited)",
					"@executable_path/Frameworks",
					"@loader_path/Frameworks",
				);
				PRODUCT_BUNDLE_IDENTIFIER = com.taq.DatingAppUITests;
				PRODUCT_NAME = "$(TARGET_NAME)";
				SWIFT_VERSION = 5.0;
				TARGETED_DEVICE_FAMILY = "1,2";
				TEST_TARGET_NAME = DatingApp;
			};
			name = Debug;
		};
		31E6078123696540003B0EF1 /* Release */ = {
			isa = XCBuildConfiguration;
			baseConfigurationReference = B1A3496408C4148860F67957 /* Pods-DatingApp-DatingAppUITests.release.xcconfig */;
			buildSettings = {
				ALWAYS_EMBED_SWIFT_STANDARD_LIBRARIES = YES;
				CODE_SIGN_STYLE = Automatic;
				DEVELOPMENT_TEAM = F97L4V4B8X;
				INFOPLIST_FILE = DatingAppUITests/Info.plist;
				LD_RUNPATH_SEARCH_PATHS = (
					"$(inherited)",
					"@executable_path/Frameworks",
					"@loader_path/Frameworks",
				);
				PRODUCT_BUNDLE_IDENTIFIER = com.taq.DatingAppUITests;
				PRODUCT_NAME = "$(TARGET_NAME)";
				SWIFT_VERSION = 5.0;
				TARGETED_DEVICE_FAMILY = "1,2";
				TEST_TARGET_NAME = DatingApp;
			};
			name = Release;
		};
/* End XCBuildConfiguration section */

/* Begin XCConfigurationList section */
		31E6074A2369653E003B0EF1 /* Build configuration list for PBXProject "DatingApp" */ = {
			isa = XCConfigurationList;
			buildConfigurations = (
				31E6077723696540003B0EF1 /* Debug */,
				31E6077823696540003B0EF1 /* Release */,
			);
			defaultConfigurationIsVisible = 0;
			defaultConfigurationName = Release;
		};
		31E6077923696540003B0EF1 /* Build configuration list for PBXNativeTarget "DatingApp" */ = {
			isa = XCConfigurationList;
			buildConfigurations = (
				31E6077A23696540003B0EF1 /* Debug */,
				31E6077B23696540003B0EF1 /* Release */,
			);
			defaultConfigurationIsVisible = 0;
			defaultConfigurationName = Release;
		};
		31E6077C23696540003B0EF1 /* Build configuration list for PBXNativeTarget "DatingAppTests" */ = {
			isa = XCConfigurationList;
			buildConfigurations = (
				31E6077D23696540003B0EF1 /* Debug */,
				31E6077E23696540003B0EF1 /* Release */,
			);
			defaultConfigurationIsVisible = 0;
			defaultConfigurationName = Release;
		};
		31E6077F23696540003B0EF1 /* Build configuration list for PBXNativeTarget "DatingAppUITests" */ = {
			isa = XCConfigurationList;
			buildConfigurations = (
				31E6078023696540003B0EF1 /* Debug */,
				31E6078123696540003B0EF1 /* Release */,
			);
			defaultConfigurationIsVisible = 0;
			defaultConfigurationName = Release;
		};
/* End XCConfigurationList section */
	};
	rootObject = 31E607472369653E003B0EF1 /* Project object */;
}
